lockfileVersion: '9.0'

settings:
  autoInstallPeers: true
  excludeLinksFromLockfile: false

importers:

  .:
    dependencies:
      '@redis/bloom':
        specifier: 5.5.6
        version: 5.5.6(@redis/client@https://codeload.github.com/MMMartt/node-redis/tar.gz/b59b9172cc793c2602b7d2b051a6e0073e7e0f99#path:/packages/client)
      '@redis/client':
        specifier: github:MMMartt/node-redis#b59b9172cc793c2602b7d2b051a6e0073e7e0f99&path:/packages/client
        version: https://codeload.github.com/MMMartt/node-redis/tar.gz/b59b9172cc793c2602b7d2b051a6e0073e7e0f99#path:/packages/client
      '@redis/json':
        specifier: 5.5.6
        version: 5.5.6(@redis/client@https://codeload.github.com/MMMartt/node-redis/tar.gz/b59b9172cc793c2602b7d2b051a6e0073e7e0f99#path:/packages/client)
      '@redis/search':
        specifier: 5.5.6
        version: 5.5.6(@redis/client@https://codeload.github.com/MMMartt/node-redis/tar.gz/b59b9172cc793c2602b7d2b051a6e0073e7e0f99#path:/packages/client)
      '@redis/time-series':
        specifier: 5.5.6
        version: 5.5.6(@redis/client@https://codeload.github.com/MMMartt/node-redis/tar.gz/b59b9172cc793c2602b7d2b051a6e0073e7e0f99#path:/packages/client)

packages:

  '@redis/bloom@5.5.6':
    resolution: {integrity: sha512-bNR3mxkwtfuCxNOzfV8B3R5zA1LiN57EH6zK4jVBIgzMzliNuReZXBFGnXvsi80/SYohajn78YdpYI+XNpqL+A==}
    version: 5.5.6
    engines: {node: '>= 18'}
    peerDependencies:
      '@redis/client': ^5.5.6

  '@redis/client@https://codeload.github.com/MMMartt/node-redis/tar.gz/b59b9172cc793c2602b7d2b051a6e0073e7e0f99#path:/packages/client':
    resolution: {path: /packages/client, tarball: https://codeload.github.com/MMMartt/node-redis/tar.gz/b59b9172cc793c2602b7d2b051a6e0073e7e0f99}
    version: 5.5.6
    engines: {node: '>= 18'}

  '@redis/json@5.5.6':
    resolution: {integrity: sha512-AIsoe3SsGQagqAmSQHaqxEinm5oCWr7zxPWL90kKaEdLJ+zw8KBznf2i9oK0WUFP5pFssSQUXqnscQKe2amfDQ==}
    version: 5.5.6
    engines: {node: '>= 18'}
    peerDependencies:
      '@redis/client': ^5.5.6

  '@redis/search@5.5.6':
    resolution: {integrity: sha512-JSqasYqO0mVcHL7oxvbySRBBZYRYhFl3W7f0Da7BW8M/r0Z9wCiVrdjnN4/mKBpWZkoJT/iuisLUdPGhpKxBew==}
    version: 5.5.6
    engines: {node: '>= 18'}
    peerDependencies:
      '@redis/client': ^5.5.6

  '@redis/time-series@5.5.6':
    resolution: {integrity: sha512-jkpcgq3NOI3TX7xEAJ3JgesJTxAx7k0m6lNxNsYdEM8KOl+xj7GaB/0CbLkoricZDmFSEAz7ClA1iK9XkGHf+Q==}
    version: 5.5.6
    engines: {node: '>= 18'}
    peerDependencies:
      '@redis/client': ^5.5.6

  cluster-key-slot@1.1.2:
    resolution: {integrity: sha512-RMr0FhtfXemyinomL4hrWcYJxmX6deFdCxpJzhDttxgO1+bcCnkk+9drydLVDmAMG7NE6aN/fl4F7ucU/90gAA==}
    engines: {node: '>=0.10.0'}

snapshots:

  '@redis/bloom@5.5.6(@redis/client@https://codeload.github.com/MMMartt/node-redis/tar.gz/b59b9172cc793c2602b7d2b051a6e0073e7e0f99#path:/packages/client)':
    dependencies:
      '@redis/client': https://codeload.github.com/MMMartt/node-redis/tar.gz/b59b9172cc793c2602b7d2b051a6e0073e7e0f99#path:/packages/client

  '@redis/client@https://codeload.github.com/MMMartt/node-redis/tar.gz/b59b9172cc793c2602b7d2b051a6e0073e7e0f99#path:/packages/client':
    dependencies:
      cluster-key-slot: 1.1.2

  '@redis/json@5.5.6(@redis/client@https://codeload.github.com/MMMartt/node-redis/tar.gz/b59b9172cc793c2602b7d2b051a6e0073e7e0f99#path:/packages/client)':
    dependencies:
      '@redis/client': https://codeload.github.com/MMMartt/node-redis/tar.gz/b59b9172cc793c2602b7d2b051a6e0073e7e0f99#path:/packages/client

  '@redis/search@5.5.6(@redis/client@https://codeload.github.com/MMMartt/node-redis/tar.gz/b59b9172cc793c2602b7d2b051a6e0073e7e0f99#path:/packages/client)':
    dependencies:
      '@redis/client': https://codeload.github.com/MMMartt/node-redis/tar.gz/b59b9172cc793c2602b7d2b051a6e0073e7e0f99#path:/packages/client

  '@redis/time-series@5.5.6(@redis/client@https://codeload.github.com/MMMartt/node-redis/tar.gz/b59b9172cc793c2602b7d2b051a6e0073e7e0f99#path:/packages/client)':
    dependencies:
      '@redis/client': https://codeload.github.com/MMMartt/node-redis/tar.gz/b59b9172cc793c2602b7d2b051a6e0073e7e0f99#path:/packages/client

  cluster-key-slot@1.1.2: {}
